
Microsoft Visual Studio Solution File, Format Version 12.00
# Visual Studio Version 17
VisualStudioVersion = 17.14.36511.14 d17.14
MinimumVisualStudioVersion = 10.0.40219.1
Project("{FAE04EC0-301F-11D3-BF4B-00C04F79EFBC}") = "Praktik7.4fungsi_risma_xpplg2", "Praktik7.4fungsi_risma_xpplg2\Praktik7.4fungsi_risma_xpplg2.csproj", "{4025F644-342A-446A-9DD0-1B62537D86B3}"
EndProject
Global
	GlobalSection(SolutionConfigurationPlatforms) = preSolution
		Debug|Any CPU = Debug|Any CPU
		Release|Any CPU = Release|Any CPU
	EndGlobalSection
	GlobalSection(ProjectConfigurationPlatforms) = postSolution
		{4025F644-342A-446A-9DD0-1B62537D86B3}.Debug|Any CPU.ActiveCfg = Debug|Any CPU
		{4025F644-342A-446A-9DD0-1B62537D86B3}.Debug|Any CPU.Build.0 = Debug|Any CPU
		{4025F644-342A-446A-9DD0-1B62537D86B3}.Release|Any CPU.ActiveCfg = Release|Any CPU
		{4025F644-342A-446A-9DD0-1B62537D86B3}.Release|Any CPU.Build.0 = Release|Any CPU
	EndGlobalSection
	GlobalSection(SolutionProperties) = preSolution
		HideSolutionNode = FALSE
	EndGlobalSection
	GlobalSection(ExtensibilityGlobals) = postSolution
		SolutionGuid = {82F102C8-158B-442C-90E8-DDA5DAE45ADE}
	EndGlobalSection
EndGlobal
