
Microsoft Visual Studio Solution File, Format Version 12.00
# Visual Studio Version 17
VisualStudioVersion = 17.14.36511.14 d17.14
MinimumVisualStudioVersion = 10.0.40219.1
Project("{FAE04EC0-301F-11D3-BF4B-00C04F79EFBC}") = "Praktik6.8_for_risma_xpplg2", "Praktik6.8_for_risma_xpplg2\Praktik6.8_for_risma_xpplg2.csproj", "{01BCE4C5-4569-4799-9220-DCA7D03B97AF}"
EndProject
Global
	GlobalSection(SolutionConfigurationPlatforms) = preSolution
		Debug|Any CPU = Debug|Any CPU
		Release|Any CPU = Release|Any CPU
	EndGlobalSection
	GlobalSection(ProjectConfigurationPlatforms) = postSolution
		{01BCE4C5-4569-4799-9220-DCA7D03B97AF}.Debug|Any CPU.ActiveCfg = Debug|Any CPU
		{01BCE4C5-4569-4799-9220-DCA7D03B97AF}.Debug|Any CPU.Build.0 = Debug|Any CPU
		{01BCE4C5-4569-4799-9220-DCA7D03B97AF}.Release|Any CPU.ActiveCfg = Release|Any CPU
		{01BCE4C5-4569-4799-9220-DCA7D03B97AF}.Release|Any CPU.Build.0 = Release|Any CPU
	EndGlobalSection
	GlobalSection(SolutionProperties) = preSolution
		HideSolutionNode = FALSE
	EndGlobalSection
	GlobalSection(ExtensibilityGlobals) = postSolution
		SolutionGuid = {E0912E65-141B-46B5-A84F-33D3A7ACA099}
	EndGlobalSection
EndGlobal
