
Microsoft Visual Studio Solution File, Format Version 12.00
# Visual Studio Version 17
VisualStudioVersion = 17.14.36511.14 d17.14
MinimumVisualStudioVersion = 10.0.40219.1
Project("{FAE04EC0-301F-11D3-BF4B-00C04F79EFBC}") = "Praktik6.3For risma xpplg2", "Praktik6.3For risma xpplg2\Praktik6.3For risma xpplg2.csproj", "{B6DB39F1-2889-4612-9648-1E1E5BED01BC}"
EndProject
Global
	GlobalSection(SolutionConfigurationPlatforms) = preSolution
		Debug|Any CPU = Debug|Any CPU
		Release|Any CPU = Release|Any CPU
	EndGlobalSection
	GlobalSection(ProjectConfigurationPlatforms) = postSolution
		{B6DB39F1-2889-4612-9648-1E1E5BED01BC}.Debug|Any CPU.ActiveCfg = Debug|Any CPU
		{B6DB39F1-2889-4612-9648-1E1E5BED01BC}.Debug|Any CPU.Build.0 = Debug|Any CPU
		{B6DB39F1-2889-4612-9648-1E1E5BED01BC}.Release|Any CPU.ActiveCfg = Release|Any CPU
		{B6DB39F1-2889-4612-9648-1E1E5BED01BC}.Release|Any CPU.Build.0 = Release|Any CPU
	EndGlobalSection
	GlobalSection(SolutionProperties) = preSolution
		HideSolutionNode = FALSE
	EndGlobalSection
	GlobalSection(ExtensibilityGlobals) = postSolution
		SolutionGuid = {F7FDB03A-1CF2-40F0-865C-A8F5CCD2D548}
	EndGlobalSection
EndGlobal
