
Microsoft Visual Studio Solution File, Format Version 12.00
# Visual Studio Version 17
VisualStudioVersion = 17.14.36511.14 d17.14
MinimumVisualStudioVersion = 10.0.40219.1
Project("{FAE04EC0-301F-11D3-BF4B-00C04F79EFBC}") = "Praktik6.1 Risma Xpplg2", "Praktik6.1 Risma Xpplg2\Praktik6.1 Risma Xpplg2.csproj", "{B87E2F50-8E66-4013-BEEA-B87773E3A9FE}"
EndProject
Global
	GlobalSection(SolutionConfigurationPlatforms) = preSolution
		Debug|Any CPU = Debug|Any CPU
		Release|Any CPU = Release|Any CPU
	EndGlobalSection
	GlobalSection(ProjectConfigurationPlatforms) = postSolution
		{B87E2F50-8E66-4013-BEEA-B87773E3A9FE}.Debug|Any CPU.ActiveCfg = Debug|Any CPU
		{B87E2F50-8E66-4013-BEEA-B87773E3A9FE}.Debug|Any CPU.Build.0 = Debug|Any CPU
		{B87E2F50-8E66-4013-BEEA-B87773E3A9FE}.Release|Any CPU.ActiveCfg = Release|Any CPU
		{B87E2F50-8E66-4013-BEEA-B87773E3A9FE}.Release|Any CPU.Build.0 = Release|Any CPU
	EndGlobalSection
	GlobalSection(SolutionProperties) = preSolution
		HideSolutionNode = FALSE
	EndGlobalSection
	GlobalSection(ExtensibilityGlobals) = postSolution
		SolutionGuid = {DC4B3D44-0A0A-4196-B142-94B91F7F883B}
	EndGlobalSection
EndGlobal
